
Microsoft Visual Studio Solution File, Format Version 12.00
# Visual Studio Version 17
VisualStudioVersion = 17.9.34616.47
MinimumVisualStudioVersion = 10.0.40219.1
Project("{FAE04EC0-301F-11D3-BF4B-00C04F79EFBC}") = "MSLearn.CSharpDoWhile.Challenge2.Project1", "MSLearn.CSharpDoWhile.Challenge2.Project1\MSLearn.CSharpDoWhile.Challenge2.Project1.csproj", "{291B310E-FFC2-41CF-B106-BDBB60BE915D}"
EndProject
Global
	GlobalSection(SolutionConfigurationPlatforms) = preSolution
		Debug|Any CPU = Debug|Any CPU
		Release|Any CPU = Release|Any CPU
	EndGlobalSection
	GlobalSection(ProjectConfigurationPlatforms) = postSolution
		{291B310E-FFC2-41CF-B106-BDBB60BE915D}.Debug|Any CPU.ActiveCfg = Debug|Any CPU
		{291B310E-FFC2-41CF-B106-BDBB60BE915D}.Debug|Any CPU.Build.0 = Debug|Any CPU
		{291B310E-FFC2-41CF-B106-BDBB60BE915D}.Release|Any CPU.ActiveCfg = Release|Any CPU
		{291B310E-FFC2-41CF-B106-BDBB60BE915D}.Release|Any CPU.Build.0 = Release|Any CPU
	EndGlobalSection
	GlobalSection(SolutionProperties) = preSolution
		HideSolutionNode = FALSE
	EndGlobalSection
	GlobalSection(ExtensibilityGlobals) = postSolution
		SolutionGuid = {5B19A774-261A-408B-A833-DDEEA82163B8}
	EndGlobalSection
EndGlobal
